
Microsoft Visual Studio Solution File, Format Version 12.00
# Visual Studio Version 17
VisualStudioVersion = 17.5.002.0
MinimumVisualStudioVersion = 10.0.40219.1
Project("{9A19103F-16F7-4668-BE54-9A1E7A4F7556}") = "BossRush", "BossRush.csproj", "{5E54347D-7D94-420A-A3F0-022C3B083760}"
EndProject
Global
	GlobalSection(SolutionConfigurationPlatforms) = preSolution
		Debug|Any CPU = Debug|Any CPU
		Release|Any CPU = Release|Any CPU
	EndGlobalSection
	GlobalSection(ProjectConfigurationPlatforms) = postSolution
		{5E54347D-7D94-420A-A3F0-022C3B083760}.Debug|Any CPU.ActiveCfg = Debug|Any CPU
		{5E54347D-7D94-420A-A3F0-022C3B083760}.Debug|Any CPU.Build.0 = Debug|Any CPU
		{5E54347D-7D94-420A-A3F0-022C3B083760}.Release|Any CPU.ActiveCfg = Release|Any CPU
		{5E54347D-7D94-420A-A3F0-022C3B083760}.Release|Any CPU.Build.0 = Release|Any CPU
	EndGlobalSection
	GlobalSection(SolutionProperties) = preSolution
		HideSolutionNode = FALSE
	EndGlobalSection
	GlobalSection(ExtensibilityGlobals) = postSolution
		SolutionGuid = {D182205F-70C3-4FF0-90F2-B6E05D104A6B}
	EndGlobalSection
EndGlobal
